
Microsoft Visual Studio Solution File, Format Version 12.00
# Visual Studio Version 17
VisualStudioVersion = 17.5.33414.496
MinimumVisualStudioVersion = 10.0.40219.1
Project("{2150E333-8FDC-42A3-9474-1A3956D46DE8}") = "src", "src", "{89FA6FBB-333E-435F-A53F-7B942C831DF1}"
EndProject
Project("{2150E333-8FDC-42A3-9474-1A3956D46DE8}") = "UpBoard", "UpBoard", "{3A50D1AB-E795-4FC6-8835-60FA4A4752F7}"
EndProject
Project("{2150E333-8FDC-42A3-9474-1A3956D46DE8}") = "Application", "Application", "{104F7306-2BA8-4D9B-A1B9-2B246C93B25E}"
EndProject
Project("{2150E333-8FDC-42A3-9474-1A3956D46DE8}") = "Contracts", "Contracts", "{55BF91E5-9FE6-4D12-B106-5835512A0BD7}"
EndProject
Project("{2150E333-8FDC-42A3-9474-1A3956D46DE8}") = "Domain", "Domain", "{127146C9-6D1A-4CD3-98E2-93D52D484E19}"
EndProject
Project("{2150E333-8FDC-42A3-9474-1A3956D46DE8}") = "Host", "Host", "{E3D0706E-E19E-4425-AD97-DD06A503B299}"
EndProject
Project("{2150E333-8FDC-42A3-9474-1A3956D46DE8}") = "Infrastructure", "Infrastructure", "{0D611B0D-49F2-41BE-AEE4-38F1582CC6A4}"
EndProject
Project("{9A19103F-16F7-4668-BE54-9A1E7A4F7556}") = "UpBoard.Infrastructure", "UpBoard.Infrastructure\UpBoard.Infrastructure.csproj", "{926A8260-42FC-45D9-A61C-C6D3DB2119CA}"
EndProject
Project("{9A19103F-16F7-4668-BE54-9A1E7A4F7556}") = "UpBoard.Infrastructure.DataAccess", "UpBoard.Infrastructure.DataAccess\UpBoard.Infrastructure.DataAccess.csproj", "{943FA685-011C-42DD-9278-F1581CB75FC1}"
EndProject
Project("{9A19103F-16F7-4668-BE54-9A1E7A4F7556}") = "UpBoard.Infrastructure.Registrar", "UpBoard.Infrastructure.Registrar\UpBoard.Infrastructure.Registrar.csproj", "{0964EBE7-B7AB-4BC1-BDD9-A46DE2A2C5DB}"
EndProject
Project("{9A19103F-16F7-4668-BE54-9A1E7A4F7556}") = "UpBoard.Domain", "UpBoard.Domain\UpBoard.Domain.csproj", "{10C397CB-5072-4326-AF85-DEA08CEA283E}"
EndProject
Project("{9A19103F-16F7-4668-BE54-9A1E7A4F7556}") = "UpBoard.Contracts", "UpBoard.Contracts\UpBoard.Contracts.csproj", "{38F143D9-04E6-4E1D-B77E-CC5FA031A82C}"
EndProject
Project("{9A19103F-16F7-4668-BE54-9A1E7A4F7556}") = "UpBoard.Application.AppData", "UpBoard.Application.AppData\UpBoard.Application.AppData.csproj", "{D78C270E-0B7D-4E89-8125-C89A80FB2DFB}"
EndProject
Project("{9A19103F-16F7-4668-BE54-9A1E7A4F7556}") = "UpBoard.Host.Api", "UpBoard.Host.Api\UpBoard.Host.Api.csproj", "{1BC06F6A-C4F2-43ED-B9D6-2349B9DC3C84}"
EndProject
Project("{9A19103F-16F7-4668-BE54-9A1E7A4F7556}") = "UpBoard.Host.DbMigrator", "UpBoard.Host.DbMigrator\UpBoard.Host.DbMigrator.csproj", "{26F42061-7CB2-4F4B-8311-BBBD9C6BEAC0}"
EndProject
Project("{2150E333-8FDC-42A3-9474-1A3956D46DE8}") = "Clients", "Clients", "{1D373532-5A3D-4AAB-8C9E-82A61F0DC5DE}"
EndProject
Project("{9A19103F-16F7-4668-BE54-9A1E7A4F7556}") = "UpBoard.Clients", "UpBoard.Clients\UpBoard.Clients.csproj", "{7D587542-CDCC-4C96-9B7C-7D64E5150F3F}"
EndProject
Project("{2150E333-8FDC-42A3-9474-1A3956D46DE8}") = "Tests", "Tests", "{5E7D0735-B42C-448C-B875-3601D3ED0902}"
EndProject
Project("{FAE04EC0-301F-11D3-BF4B-00C04F79EFBC}") = "UpBoard.Api.Tests", "SolarUpBoard\Tests\UpBoard.Api.Tests\UpBoard.Api.Tests.csproj", "{0103AA97-F72A-4EF1-9E31-A48BCEF3622F}"
EndProject
Global
	GlobalSection(SolutionConfigurationPlatforms) = preSolution
		Debug|Any CPU = Debug|Any CPU
		Release|Any CPU = Release|Any CPU
	EndGlobalSection
	GlobalSection(ProjectConfigurationPlatforms) = postSolution
		{926A8260-42FC-45D9-A61C-C6D3DB2119CA}.Debug|Any CPU.ActiveCfg = Debug|Any CPU
		{926A8260-42FC-45D9-A61C-C6D3DB2119CA}.Debug|Any CPU.Build.0 = Debug|Any CPU
		{926A8260-42FC-45D9-A61C-C6D3DB2119CA}.Release|Any CPU.ActiveCfg = Release|Any CPU
		{926A8260-42FC-45D9-A61C-C6D3DB2119CA}.Release|Any CPU.Build.0 = Release|Any CPU
		{943FA685-011C-42DD-9278-F1581CB75FC1}.Debug|Any CPU.ActiveCfg = Debug|Any CPU
		{943FA685-011C-42DD-9278-F1581CB75FC1}.Debug|Any CPU.Build.0 = Debug|Any CPU
		{943FA685-011C-42DD-9278-F1581CB75FC1}.Release|Any CPU.ActiveCfg = Release|Any CPU
		{943FA685-011C-42DD-9278-F1581CB75FC1}.Release|Any CPU.Build.0 = Release|Any CPU
		{0964EBE7-B7AB-4BC1-BDD9-A46DE2A2C5DB}.Debug|Any CPU.ActiveCfg = Debug|Any CPU
		{0964EBE7-B7AB-4BC1-BDD9-A46DE2A2C5DB}.Debug|Any CPU.Build.0 = Debug|Any CPU
		{0964EBE7-B7AB-4BC1-BDD9-A46DE2A2C5DB}.Release|Any CPU.ActiveCfg = Release|Any CPU
		{0964EBE7-B7AB-4BC1-BDD9-A46DE2A2C5DB}.Release|Any CPU.Build.0 = Release|Any CPU
		{10C397CB-5072-4326-AF85-DEA08CEA283E}.Debug|Any CPU.ActiveCfg = Debug|Any CPU
		{10C397CB-5072-4326-AF85-DEA08CEA283E}.Debug|Any CPU.Build.0 = Debug|Any CPU
		{10C397CB-5072-4326-AF85-DEA08CEA283E}.Release|Any CPU.ActiveCfg = Release|Any CPU
		{10C397CB-5072-4326-AF85-DEA08CEA283E}.Release|Any CPU.Build.0 = Release|Any CPU
		{38F143D9-04E6-4E1D-B77E-CC5FA031A82C}.Debug|Any CPU.ActiveCfg = Debug|Any CPU
		{38F143D9-04E6-4E1D-B77E-CC5FA031A82C}.Debug|Any CPU.Build.0 = Debug|Any CPU
		{38F143D9-04E6-4E1D-B77E-CC5FA031A82C}.Release|Any CPU.ActiveCfg = Release|Any CPU
		{38F143D9-04E6-4E1D-B77E-CC5FA031A82C}.Release|Any CPU.Build.0 = Release|Any CPU
		{D78C270E-0B7D-4E89-8125-C89A80FB2DFB}.Debug|Any CPU.ActiveCfg = Debug|Any CPU
		{D78C270E-0B7D-4E89-8125-C89A80FB2DFB}.Debug|Any CPU.Build.0 = Debug|Any CPU
		{D78C270E-0B7D-4E89-8125-C89A80FB2DFB}.Release|Any CPU.ActiveCfg = Release|Any CPU
		{D78C270E-0B7D-4E89-8125-C89A80FB2DFB}.Release|Any CPU.Build.0 = Release|Any CPU
		{1BC06F6A-C4F2-43ED-B9D6-2349B9DC3C84}.Debug|Any CPU.ActiveCfg = Debug|Any CPU
		{1BC06F6A-C4F2-43ED-B9D6-2349B9DC3C84}.Debug|Any CPU.Build.0 = Debug|Any CPU
		{1BC06F6A-C4F2-43ED-B9D6-2349B9DC3C84}.Release|Any CPU.ActiveCfg = Release|Any CPU
		{1BC06F6A-C4F2-43ED-B9D6-2349B9DC3C84}.Release|Any CPU.Build.0 = Release|Any CPU
		{26F42061-7CB2-4F4B-8311-BBBD9C6BEAC0}.Debug|Any CPU.ActiveCfg = Debug|Any CPU
		{26F42061-7CB2-4F4B-8311-BBBD9C6BEAC0}.Debug|Any CPU.Build.0 = Debug|Any CPU
		{26F42061-7CB2-4F4B-8311-BBBD9C6BEAC0}.Release|Any CPU.ActiveCfg = Release|Any CPU
		{26F42061-7CB2-4F4B-8311-BBBD9C6BEAC0}.Release|Any CPU.Build.0 = Release|Any CPU
		{7D587542-CDCC-4C96-9B7C-7D64E5150F3F}.Debug|Any CPU.ActiveCfg = Debug|Any CPU
		{7D587542-CDCC-4C96-9B7C-7D64E5150F3F}.Debug|Any CPU.Build.0 = Debug|Any CPU
		{7D587542-CDCC-4C96-9B7C-7D64E5150F3F}.Release|Any CPU.ActiveCfg = Release|Any CPU
		{7D587542-CDCC-4C96-9B7C-7D64E5150F3F}.Release|Any CPU.Build.0 = Release|Any CPU
		{0103AA97-F72A-4EF1-9E31-A48BCEF3622F}.Debug|Any CPU.ActiveCfg = Debug|Any CPU
		{0103AA97-F72A-4EF1-9E31-A48BCEF3622F}.Debug|Any CPU.Build.0 = Debug|Any CPU
		{0103AA97-F72A-4EF1-9E31-A48BCEF3622F}.Release|Any CPU.ActiveCfg = Release|Any CPU
		{0103AA97-F72A-4EF1-9E31-A48BCEF3622F}.Release|Any CPU.Build.0 = Release|Any CPU
	EndGlobalSection
	GlobalSection(SolutionProperties) = preSolution
		HideSolutionNode = FALSE
	EndGlobalSection
	GlobalSection(NestedProjects) = preSolution
		{3A50D1AB-E795-4FC6-8835-60FA4A4752F7} = {89FA6FBB-333E-435F-A53F-7B942C831DF1}
		{104F7306-2BA8-4D9B-A1B9-2B246C93B25E} = {3A50D1AB-E795-4FC6-8835-60FA4A4752F7}
		{55BF91E5-9FE6-4D12-B106-5835512A0BD7} = {3A50D1AB-E795-4FC6-8835-60FA4A4752F7}
		{127146C9-6D1A-4CD3-98E2-93D52D484E19} = {3A50D1AB-E795-4FC6-8835-60FA4A4752F7}
		{E3D0706E-E19E-4425-AD97-DD06A503B299} = {3A50D1AB-E795-4FC6-8835-60FA4A4752F7}
		{0D611B0D-49F2-41BE-AEE4-38F1582CC6A4} = {3A50D1AB-E795-4FC6-8835-60FA4A4752F7}
		{926A8260-42FC-45D9-A61C-C6D3DB2119CA} = {0D611B0D-49F2-41BE-AEE4-38F1582CC6A4}
		{943FA685-011C-42DD-9278-F1581CB75FC1} = {0D611B0D-49F2-41BE-AEE4-38F1582CC6A4}
		{0964EBE7-B7AB-4BC1-BDD9-A46DE2A2C5DB} = {0D611B0D-49F2-41BE-AEE4-38F1582CC6A4}
		{10C397CB-5072-4326-AF85-DEA08CEA283E} = {127146C9-6D1A-4CD3-98E2-93D52D484E19}
		{38F143D9-04E6-4E1D-B77E-CC5FA031A82C} = {55BF91E5-9FE6-4D12-B106-5835512A0BD7}
		{D78C270E-0B7D-4E89-8125-C89A80FB2DFB} = {104F7306-2BA8-4D9B-A1B9-2B246C93B25E}
		{1BC06F6A-C4F2-43ED-B9D6-2349B9DC3C84} = {E3D0706E-E19E-4425-AD97-DD06A503B299}
		{26F42061-7CB2-4F4B-8311-BBBD9C6BEAC0} = {E3D0706E-E19E-4425-AD97-DD06A503B299}
		{1D373532-5A3D-4AAB-8C9E-82A61F0DC5DE} = {3A50D1AB-E795-4FC6-8835-60FA4A4752F7}
		{7D587542-CDCC-4C96-9B7C-7D64E5150F3F} = {1D373532-5A3D-4AAB-8C9E-82A61F0DC5DE}
		{5E7D0735-B42C-448C-B875-3601D3ED0902} = {3A50D1AB-E795-4FC6-8835-60FA4A4752F7}
		{0103AA97-F72A-4EF1-9E31-A48BCEF3622F} = {5E7D0735-B42C-448C-B875-3601D3ED0902}
	EndGlobalSection
	GlobalSection(ExtensibilityGlobals) = postSolution
		SolutionGuid = {FD97BAB2-F906-4F3D-94D2-DFEDE0689114}
	EndGlobalSection
EndGlobal
